// !$*UTF8*$!
{
	archiveVersion = 1;
	classes = {
	};
	objectVersion = 50;
	objects = {

/* Begin PBXBuildFile section */
		3F262E9F2181AEB300E406BB /* AppDelegate.swift in Sources */ = {isa = PBXBuildFile; fileRef = 3F262E9E2181AEB300E406BB /* AppDelegate.swift */; };
		3F262EA12181AEB300E406BB /* ViewController.swift in Sources */ = {isa = PBXBuildFile; fileRef = 3F262EA02181AEB300E406BB /* ViewController.swift */; };
		3F262EA42181AEB300E406BB /* Main.storyboard in Resources */ = {isa = PBXBuildFile; fileRef = 3F262EA22181AEB300E406BB /* Main.storyboard */; };
		3F262EA62181AEB300E406BB /* Assets.xcassets in Resources */ = {isa = PBXBuildFile; fileRef = 3F262EA52181AEB300E406BB /* Assets.xcassets */; };
		3F262EA92181AEB300E406BB /* LaunchScreen.storyboard in Resources */ = {isa = PBXBuildFile; fileRef = 3F262EA72181AEB300E406BB /* LaunchScreen.storyboard */; };
/* End PBXBuildFile section */

/* Begin PBXContainerItemProxy section */
		3F262EB02181AEB400E406BB /* PBXContainerItemProxy */ = {
			isa = PBXContainerItemProxy;
			containerPortal = 3F262E932181AEB300E406BB /* Project object */;
			proxyType = 1;
			remoteGlobalIDString = 3F262E9A2181AEB300E406BB;
			remoteInfo = "实验6-3";
		};
		3F262EBB2181AEB400E406BB /* PBXContainerItemProxy */ = {
			isa = PBXContainerItemProxy;
			containerPortal = 3F262E932181AEB300E406BB /* Project object */;
			proxyType = 1;
			remoteGlobalIDString = 3F262E9A2181AEB300E406BB;
			remoteInfo = "实验6-3";
		};
/* End PBXContainerItemProxy section */

/* Begin PBXFileReference section */
		3F262E9B2181AEB300E406BB /* 实验6-3.app */ = {isa = PBXFileReference; explicitFileType = wrapper.application; includeInIndex = 0; path = "实验6-3.app"; sourceTree = BUILT_PRODUCTS_DIR; };
		3F262E9E2181AEB300E406BB /* AppDelegate.swift */ = {isa = PBXFileReference; lastKnownFileType = sourcecode.swift; path = AppDelegate.swift; sourceTree = "<group>"; };
		3F262EA02181AEB300E406BB /* ViewController.swift */ = {isa = PBXFileReference; lastKnownFileType = sourcecode.swift; path = ViewController.swift; sourceTree = "<group>"; };
		3F262EA32181AEB300E406BB /* Base */ = {isa = PBXFileReference; lastKnownFileType = file.storyboard; name = Base; path = Base.lproj/Main.storyboard; sourceTree = "<group>"; };
		3F262EA52181AEB300E406BB /* Assets.xcassets */ = {isa = PBXFileReference; lastKnownFileType = folder.assetcatalog; path = Assets.xcassets; sourceTree = "<group>"; };
		3F262EA82181AEB300E406BB /* Base */ = {isa = PBXFileReference; lastKnownFileType = file.storyboard; name = Base; path = Base.lproj/LaunchScreen.storyboard; sourceTree = "<group>"; };
		3F262EAA2181AEB300E406BB /* Info.plist */ = {isa = PBXFileReference; lastKnownFileType = text.plist.xml; path = Info.plist; sourceTree = "<group>"; };
		3F262EAF2181AEB400E406BB /* 实验6-3Tests.xctest */ = {isa = PBXFileReference; explicitFileType = wrapper.cfbundle; includeInIndex = 0; path = "实验6-3Tests.xctest"; sourceTree = BUILT_PRODUCTS_DIR; };
		3F262EBA2181AEB400E406BB /* 实验6-3UITests.xctest */ = {isa = PBXFileReference; explicitFileType = wrapper.cfbundle; includeInIndex = 0; path = "实验6-3UITests.xctest"; sourceTree = BUILT_PRODUCTS_DIR; };
/* End PBXFileReference section */

/* Begin PBXFrameworksBuildPhase section */
		3F262E982181AEB300E406BB /* Frameworks */ = {
			isa = PBXFrameworksBuildPhase;
			buildActionMask = 2147483647;
			files = (
			);
			runOnlyForDeploymentPostprocessing = 0;
		};
		3F262EAC2181AEB400E406BB /* Frameworks */ = {
			isa = PBXFrameworksBuildPhase;
			buildActionMask = 2147483647;
			files = (
			);
			runOnlyForDeploymentPostprocessing = 0;
		};
		3F262EB72181AEB400E406BB /* Frameworks */ = {
			isa = PBXFrameworksBuildPhase;
			buildActionMask = 2147483647;
			files = (
			);
			runOnlyForDeploymentPostprocessing = 0;
		};
/* End PBXFrameworksBuildPhase section */

/* Begin PBXGroup section */
		3F262E922181AEB300E406BB = {
			isa = PBXGroup;
			children = (
				3F262E9D2181AEB300E406BB /* 实验6-3 */,
				3F262E9C2181AEB300E406BB /* Products */,
			);
			sourceTree = "<group>";
		};
		3F262E9C2181AEB300E406BB /* Products */ = {
			isa = PBXGroup;
			children = (
				3F262E9B2181AEB300E406BB /* 实验6-3.app */,
				3F262EAF2181AEB400E406BB /* 实验6-3Tests.xctest */,
				3F262EBA2181AEB400E406BB /* 实验6-3UITests.xctest */,
			);
			name = Products;
			sourceTree = "<group>";
		};
		3F262E9D2181AEB300E406BB /* 实验6-3 */ = {
			isa = PBXGroup;
			children = (
				3F262E9E2181AEB300E406BB /* AppDelegate.swift */,
				3F262EA02181AEB300E406BB /* ViewController.swift */,
				3F262EA22181AEB300E406BB /* Main.storyboard */,
				3F262EA52181AEB300E406BB /* Assets.xcassets */,
				3F262EA72181AEB300E406BB /* LaunchScreen.storyboard */,
				3F262EAA2181AEB300E406BB /* Info.plist */,
			);
			path = "实验6-3";
			sourceTree = "<group>";
		};
/* End PBXGroup section */

/* Begin PBXNativeTarget section */
		3F262E9A2181AEB300E406BB /* 实验6-3 */ = {
			isa = PBXNativeTarget;
			buildConfigurationList = 3F262EC32181AEB400E406BB /* Build configuration list for PBXNativeTarget "实验6-3" */;
			buildPhases = (
				3F262E972181AEB300E406BB /* Sources */,
				3F262E982181AEB300E406BB /* Frameworks */,
				3F262E992181AEB300E406BB /* Resources */,
			);
			buildRules = (
			);
			dependencies = (
			);
			name = "实验6-3";
			productName = "实验6-3";
			productReference = 3F262E9B2181AEB300E406BB /* 实验6-3.app */;
			productType = "com.apple.product-type.application";
		};
		3F262EAE2181AEB400E406BB /* 实验6-3Tests */ = {
			isa = PBXNativeTarget;
			buildConfigurationList = 3F262EC62181AEB400E406BB /* Build configuration list for PBXNativeTarget "实验6-3Tests" */;
			buildPhases = (
				3F262EAB2181AEB400E406BB /* Sources */,
				3F262EAC2181AEB400E406BB /* Frameworks */,
				3F262EAD2181AEB400E406BB /* Resources */,
			);
			buildRules = (
			);
			dependencies = (
				3F262EB12181AEB400E406BB /* PBXTargetDependency */,
			);
			name = "实验6-3Tests";
			productName = "实验6-3Tests";
			productReference = 3F262EAF2181AEB400E406BB /* 实验6-3Tests.xctest */;
			productType = "com.apple.product-type.bundle.unit-test";
		};
		3F262EB92181AEB400E406BB /* 实验6-3UITests */ = {
			isa = PBXNativeTarget;
			buildConfigurationList = 3F262EC92181AEB400E406BB /* Build configuration list for PBXNativeTarget "实验6-3UITests" */;
			buildPhases = (
				3F262EB62181AEB400E406BB /* Sources */,
				3F262EB72181AEB400E406BB /* Frameworks */,
				3F262EB82181AEB400E406BB /* Resources */,
			);
			buildRules = (
			);
			dependencies = (
				3F262EBC2181AEB400E406BB /* PBXTargetDependency */,
			);
			name = "实验6-3UITests";
			productName = "实验6-3UITests";
			productReference = 3F262EBA2181AEB400E406BB /* 实验6-3UITests.xctest */;
			productType = "com.apple.product-type.bundle.ui-testing";
		};
/* End PBXNativeTarget section */

/* Begin PBXProject section */
		3F262E932181AEB300E406BB /* Project object */ = {
			isa = PBXProject;
			attributes = {
				LastSwiftUpdateCheck = 0940;
				LastUpgradeCheck = 0940;
				ORGANIZATIONNAME = 2016110433;
				TargetAttributes = {
					3F262E9A2181AEB300E406BB = {
						CreatedOnToolsVersion = 9.4.1;
					};
					3F262EAE2181AEB400E406BB = {
						CreatedOnToolsVersion = 9.4.1;
						TestTargetID = 3F262E9A2181AEB300E406BB;
					};
					3F262EB92181AEB400E406BB = {
						CreatedOnToolsVersion = 9.4.1;
						TestTargetID = 3F262E9A2181AEB300E406BB;
					};
				};
			};
			buildConfigurationList = 3F262E962181AEB300E406BB /* Build configuration list for PBXProject "实验6-3" */;
			compatibilityVersion = "Xcode 9.3";
			developmentRegion = en;
			hasScannedForEncodings = 0;
			knownRegions = (
				en,
				Base,
			);
			mainGroup = 3F262E922181AEB300E406BB;
			productRefGroup = 3F262E9C2181AEB300E406BB /* Products */;
			projectDirPath = "";
			projectRoot = "";
			targets = (
				3F262E9A2181AEB300E406BB /* 实验6-3 */,
				3F262EAE2181AEB400E406BB /* 实验6-3Tests */,
				3F262EB92181AEB400E406BB /* 实验6-3UITests */,
			);
		};
/* End PBXProject section */

/* Begin PBXResourcesBuildPhase section */
		3F262E992181AEB300E406BB /* Resources */ = {
			isa = PBXResourcesBuildPhase;
			buildActionMask = 2147483647;
			files = (
				3F262EA92181AEB300E406BB /* LaunchScreen.storyboard in Resources */,
				3F262EA62181AEB300E406BB /* Assets.xcassets in Resources */,
				3F262EA42181AEB300E406BB /* Main.storyboard in Resources */,
			);
			runOnlyForDeploymentPostprocessing = 0;
		};
		3F262EAD2181AEB400E406BB /* Resources */ = {
			isa = PBXResourcesBuildPhase;
			buildActionMask = 2147483647;
			files = (
			);
			runOnlyForDeploymentPostprocessing = 0;
		};
		3F262EB82181AEB400E406BB /* Resources */ = {
			isa = PBXResourcesBuildPhase;
			buildActionMask = 2147483647;
			files = (
			);
			runOnlyForDeploymentPostprocessing = 0;
		};
/* End PBXResourcesBuildPhase section */

/* Begin PBXSourcesBuildPhase section */
		3F262E972181AEB300E406BB /* Sources */ = {
			isa = PBXSourcesBuildPhase;
			buildActionMask = 2147483647;
			files = (
				3F262EA12181AEB300E406BB /* ViewController.swift in Sources */,
				3F262E9F2181AEB300E406BB /* AppDelegate.swift in Sources */,
			);
			runOnlyForDeploymentPostprocessing = 0;
		};
		3F262EAB2181AEB400E406BB /* Sources */ = {
			isa = PBXSourcesBuildPhase;
			buildActionMask = 2147483647;
			files = (
			);
			runOnlyForDeploymentPostprocessing = 0;
		};
		3F262EB62181AEB400E406BB /* Sources */ = {
			isa = PBXSourcesBuildPhase;
			buildActionMask = 2147483647;
			files = (
			);
			runOnlyForDeploymentPostprocessing = 0;
		};
/* End PBXSourcesBuildPhase section */

/* Begin PBXTargetDependency section */
		3F262EB12181AEB400E406BB /* PBXTargetDependency */ = {
			isa = PBXTargetDependency;
			target = 3F262E9A2181AEB300E406BB /* 实验6-3 */;
			targetProxy = 3F262EB02181AEB400E406BB /* PBXContainerItemProxy */;
		};
		3F262EBC2181AEB400E406BB /* PBXTargetDependency */ = {
			isa = PBXTargetDependency;
			target = 3F262E9A2181AEB300E406BB /* 实验6-3 */;
			targetProxy = 3F262EBB2181AEB400E406BB /* PBXContainerItemProxy */;
		};
/* End PBXTargetDependency section */

/* Begin PBXVariantGroup section */
		3F262EA22181AEB300E406BB /* Main.storyboard */ = {
			isa = PBXVariantGroup;
			children = (
				3F262EA32181AEB300E406BB /* Base */,
			);
			name = Main.storyboard;
			sourceTree = "<group>";
		};
		3F262EA72181AEB300E406BB /* LaunchScreen.storyboard */ = {
			isa = PBXVariantGroup;
			children = (
				3F262EA82181AEB300E406BB /* Base */,
			);
			name = LaunchScreen.storyboard;
			sourceTree = "<group>";
		};
/* End PBXVariantGroup section */

/* Begin XCBuildConfiguration section */
		3F262EC12181AEB400E406BB /* Debug */ = {
			isa = XCBuildConfiguration;
			buildSettings = {
				ALWAYS_SEARCH_USER_PATHS = NO;
				CLANG_ANALYZER_NONNULL = YES;
				CLANG_ANALYZER_NUMBER_OBJECT_CONVERSION = YES_AGGRESSIVE;
				CLANG_CXX_LANGUAGE_STANDARD = "gnu++14";
				CLANG_CXX_LIBRARY = "libc++";
				CLANG_ENABLE_MODULES = YES;
				CLANG_ENABLE_OBJC_ARC = YES;
				CLANG_ENABLE_OBJC_WEAK = YES;
				CLANG_WARN_BLOCK_CAPTURE_AUTORELEASING = YES;
				CLANG_WARN_BOOL_CONVERSION = YES;
				CLANG_WARN_COMMA = YES;
				CLANG_WARN_CONSTANT_CONVERSION = YES;
				CLANG_WARN_DEPRECATED_OBJC_IMPLEMENTATIONS = YES;
				CLANG_WARN_DIRECT_OBJC_ISA_USAGE = YES_ERROR;
				CLANG_WARN_DOCUMENTATION_COMMENTS = YES;
				CLANG_WARN_EMPTY_BODY = YES;
				CLANG_WARN_ENUM_CONVERSION = YES;
				CLANG_WARN_INFINITE_RECURSION = YES;
				CLANG_WARN_INT_CONVERSION = YES;
				CLANG_WARN_NON_LITERAL_NULL_CONVERSION = YES;
				CLANG_WARN_OBJC_IMPLICIT_RETAIN_SELF = YES;
				CLANG_WARN_OBJC_LITERAL_CONVERSION = YES;
				CLANG_WARN_OBJC_ROOT_CLASS = YES_ERROR;
				CLANG_WARN_RANGE_LOOP_ANALYSIS = YES;
				CLANG_WARN_STRICT_PROTOTYPES = YES;
				CLANG_WARN_SUSPICIOUS_MOVE = YES;
				CLANG_WARN_UNGUARDED_AVAILABILITY = YES_AGGRESSIVE;
				CLANG_WARN_UNREACHABLE_CODE = YES;
				CLANG_WARN__DUPLICATE_METHOD_MATCH = YES;
				CODE_SIGN_IDENTITY = "iPhone Developer";
				COPY_PHASE_STRIP = NO;
				DEBUG_INFORMATION_FORMAT = dwarf;
				ENABLE_STRICT_OBJC_MSGSEND = YES;
				ENABLE_TESTABILITY = YES;
				GCC_C_LANGUAGE_STANDARD = gnu11;
				GCC_DYNAMIC_NO_PIC = NO;
				GCC_NO_COMMON_BLOCKS = YES;
				GCC_OPTIMIZATION_LEVEL = 0;
				GCC_PREPROCESSOR_DEFINITIONS = (
					"DEBUG=1",
					"$(inherited)",
				);
				GCC_WARN_64_TO_32_BIT_CONVERSION = YES;
				GCC_WARN_ABOUT_RETURN_TYPE = YES_ERROR;
				GCC_WARN_UNDECLARED_SELECTOR = YES;
				GCC_WARN_UNINITIALIZED_AUTOS = YES_AGGRESSIVE;
				GCC_WARN_UNUSED_FUNCTION = YES;
				GCC_WARN_UNUSED_VARIABLE = YES;
				IPHONEOS_DEPLOYMENT_TARGET = 11.4;
				MTL_ENABLE_DEBUG_INFO = YES;
				ONLY_ACTIVE_ARCH = YES;
				SDKROOT = iphoneos;
				SWIFT_ACTIVE_COMPILATION_CONDITIONS = DEBUG;
				SWIFT_OPTIMIZATION_LEVEL = "-Onone";
			};
			name = Debug;
		};
		3F262EC22181AEB400E406BB /* Release */ = {
			isa = XCBuildConfiguration;
			buildSettings = {
				ALWAYS_SEARCH_USER_PATHS = NO;
				CLANG_ANALYZER_NONNULL = YES;
				CLANG_ANALYZER_NUMBER_OBJECT_CONVERSION = YES_AGGRESSIVE;
				CLANG_CXX_LANGUAGE_STANDARD = "gnu++14";
				CLANG_CXX_LIBRARY = "libc++";
				CLANG_ENABLE_MODULES = YES;
				CLANG_ENABLE_OBJC_ARC = YES;
				CLANG_ENABLE_OBJC_WEAK = YES;
				CLANG_WARN_BLOCK_CAPTURE_AUTORELEASING = YES;
				CLANG_WARN_BOOL_CONVERSION = YES;
				CLANG_WARN_COMMA = YES;
				CLANG_WARN_CONSTANT_CONVERSION = YES;
				CLANG_WARN_DEPRECATED_OBJC_IMPLEMENTATIONS = YES;
				CLANG_WARN_DIRECT_OBJC_ISA_USAGE = YES_ERROR;
				CLANG_WARN_DOCUMENTATION_COMMENTS = YES;
				CLANG_WARN_EMPTY_BODY = YES;
				CLANG_WARN_ENUM_CONVERSION = YES;
				CLANG_WARN_INFINITE_RECURSION = YES;
				CLANG_WARN_INT_CONVERSION = YES;
				CLANG_WARN_NON_LITERAL_NULL_CONVERSION = YES;
				CLANG_WARN_OBJC_IMPLICIT_RETAIN_SELF = YES;
				CLANG_WARN_OBJC_LITERAL_CONVERSION = YES;
				CLANG_WARN_OBJC_ROOT_CLASS = YES_ERROR;
				CLANG_WARN_RANGE_LOOP_ANALYSIS = YES;
				CLANG_WARN_STRICT_PROTOTYPES = YES;
				CLANG_WARN_SUSPICIOUS_MOVE = YES;
				CLANG_WARN_UNGUARDED_AVAILABILITY = YES_AGGRESSIVE;
				CLANG_WARN_UNREACHABLE_CODE = YES;
				CLANG_WARN__DUPLICATE_METHOD_MATCH = YES;
				CODE_SIGN_IDENTITY = "iPhone Developer";
				COPY_PHASE_STRIP = NO;
				DEBUG_INFORMATION_FORMAT = "dwarf-with-dsym";
				ENABLE_NS_ASSERTIONS = NO;
				ENABLE_STRICT_OBJC_MSGSEND = YES;
				GCC_C_LANGUAGE_STANDARD = gnu11;
				GCC_NO_COMMON_BLOCKS = YES;
				GCC_WARN_64_TO_32_BIT_CONVERSION = YES;
				GCC_WARN_ABOUT_RETURN_TYPE = YES_ERROR;
				GCC_WARN_UNDECLARED_SELECTOR = YES;
				GCC_WARN_UNINITIALIZED_AUTOS = YES_AGGRESSIVE;
				GCC_WARN_UNUSED_FUNCTION = YES;
				GCC_WARN_UNUSED_VARIABLE = YES;
				IPHONEOS_DEPLOYMENT_TARGET = 11.4;
				MTL_ENABLE_DEBUG_INFO = NO;
				SDKROOT = iphoneos;
				SWIFT_COMPILATION_MODE = wholemodule;
				SWIFT_OPTIMIZATION_LEVEL = "-O";
				VALIDATE_PRODUCT = YES;
			};
			name = Release;
		};
		3F262EC42181AEB400E406BB /* Debug */ = {
			isa = XCBuildConfiguration;
			buildSettings = {
				ASSETCATALOG_COMPILER_APPICON_NAME = AppIcon;
				CODE_SIGN_STYLE = Automatic;
				INFOPLIST_FILE = "实验6-3/Info.plist";
				LD_RUNPATH_SEARCH_PATHS = (
					"$(inherited)",
					"@executable_path/Frameworks",
				);
				PRODUCT_BUNDLE_IDENTIFIER = oujie;
				PRODUCT_NAME = "$(TARGET_NAME)";
				SWIFT_VERSION = 4.0;
				TARGETED_DEVICE_FAMILY = "1,2";
			};
			name = Debug;
		};
		3F262EC52181AEB400E406BB /* Release */ = {
			isa = XCBuildConfiguration;
			buildSettings = {
				ASSETCATALOG_COMPILER_APPICON_NAME = AppIcon;
				CODE_SIGN_STYLE = Automatic;
				INFOPLIST_FILE = "实验6-3/Info.plist";
				LD_RUNPATH_SEARCH_PATHS = (
					"$(inherited)",
					"@executable_path/Frameworks",
				);
				PRODUCT_BUNDLE_IDENTIFIER = oujie;
				PRODUCT_NAME = "$(TARGET_NAME)";
				SWIFT_VERSION = 4.0;
				TARGETED_DEVICE_FAMILY = "1,2";
			};
			name = Release;
		};
		3F262EC72181AEB400E406BB /* Debug */ = {
			isa = XCBuildConfiguration;
			buildSettings = {
				ALWAYS_EMBED_SWIFT_STANDARD_LIBRARIES = YES;
				BUNDLE_LOADER = "$(TEST_HOST)";
				CODE_SIGN_STYLE = Automatic;
				INFOPLIST_FILE = "实验6-3Tests/Info.plist";
				LD_RUNPATH_SEARCH_PATHS = (
					"$(inherited)",
					"@executable_path/Frameworks",
					"@loader_path/Frameworks",
				);
				PRODUCT_BUNDLE_IDENTIFIER = "-016110458.--6-3Tests";
				PRODUCT_NAME = "$(TARGET_NAME)";
				SWIFT_VERSION = 4.0;
				TARGETED_DEVICE_FAMILY = "1,2";
				TEST_HOST = "$(BUILT_PRODUCTS_DIR)/实验6-3.app/实验6-3";
			};
			name = Debug;
		};
		3F262EC82181AEB400E406BB /* Release */ = {
			isa = XCBuildConfiguration;
			buildSettings = {
				ALWAYS_EMBED_SWIFT_STANDARD_LIBRARIES = YES;
				BUNDLE_LOADER = "$(TEST_HOST)";
				CODE_SIGN_STYLE = Automatic;
				INFOPLIST_FILE = "实验6-3Tests/Info.plist";
				LD_RUNPATH_SEARCH_PATHS = (
					"$(inherited)",
					"@executable_path/Frameworks",
					"@loader_path/Frameworks",
				);
				PRODUCT_BUNDLE_IDENTIFIER = "-016110458.--6-3Tests";
				PRODUCT_NAME = "$(TARGET_NAME)";
				SWIFT_VERSION = 4.0;
				TARGETED_DEVICE_FAMILY = "1,2";
				TEST_HOST = "$(BUILT_PRODUCTS_DIR)/实验6-3.app/实验6-3";
			};
			name = Release;
		};
		3F262ECA2181AEB400E406BB /* Debug */ = {
			isa = XCBuildConfiguration;
			buildSettings = {
				ALWAYS_EMBED_SWIFT_STANDARD_LIBRARIES = YES;
				CODE_SIGN_STYLE = Automatic;
				INFOPLIST_FILE = "实验6-3UITests/Info.plist";
				LD_RUNPATH_SEARCH_PATHS = (
					"$(inherited)",
					"@executable_path/Frameworks",
					"@loader_path/Frameworks",
				);
				PRODUCT_BUNDLE_IDENTIFIER = "-016110458.--6-3UITests";
				PRODUCT_NAME = "$(TARGET_NAME)";
				SWIFT_VERSION = 4.0;
				TARGETED_DEVICE_FAMILY = "1,2";
				TEST_TARGET_NAME = "实验6-3";
			};
			name = Debug;
		};
		3F262ECB2181AEB400E406BB /* Release */ = {
			isa = XCBuildConfiguration;
			buildSettings = {
				ALWAYS_EMBED_SWIFT_STANDARD_LIBRARIES = YES;
				CODE_SIGN_STYLE = Automatic;
				INFOPLIST_FILE = "实验6-3UITests/Info.plist";
				LD_RUNPATH_SEARCH_PATHS = (
					"$(inherited)",
					"@executable_path/Frameworks",
					"@loader_path/Frameworks",
				);
				PRODUCT_BUNDLE_IDENTIFIER = "-016110458.--6-3UITests";
				PRODUCT_NAME = "$(TARGET_NAME)";
				SWIFT_VERSION = 4.0;
				TARGETED_DEVICE_FAMILY = "1,2";
				TEST_TARGET_NAME = "实验6-3";
			};
			name = Release;
		};
/* End XCBuildConfiguration section */

/* Begin XCConfigurationList section */
		3F262E962181AEB300E406BB /* Build configuration list for PBXProject "实验6-3" */ = {
			isa = XCConfigurationList;
			buildConfigurations = (
				3F262EC12181AEB400E406BB /* Debug */,
				3F262EC22181AEB400E406BB /* Release */,
			);
			defaultConfigurationIsVisible = 0;
			defaultConfigurationName = Release;
		};
		3F262EC32181AEB400E406BB /* Build configuration list for PBXNativeTarget "实验6-3" */ = {
			isa = XCConfigurationList;
			buildConfigurations = (
				3F262EC42181AEB400E406BB /* Debug */,
				3F262EC52181AEB400E406BB /* Release */,
			);
			defaultConfigurationIsVisible = 0;
			defaultConfigurationName = Release;
		};
		3F262EC62181AEB400E406BB /* Build configuration list for PBXNativeTarget "实验6-3Tests" */ = {
			isa = XCConfigurationList;
			buildConfigurations = (
				3F262EC72181AEB400E406BB /* Debug */,
				3F262EC82181AEB400E406BB /* Release */,
			);
			defaultConfigurationIsVisible = 0;
			defaultConfigurationName = Release;
		};
		3F262EC92181AEB400E406BB /* Build configuration list for PBXNativeTarget "实验6-3UITests" */ = {
			isa = XCConfigurationList;
			buildConfigurations = (
				3F262ECA2181AEB400E406BB /* Debug */,
				3F262ECB2181AEB400E406BB /* Release */,
			);
			defaultConfigurationIsVisible = 0;
			defaultConfigurationName = Release;
		};
/* End XCConfigurationList section */
	};
	rootObject = 3F262E932181AEB300E406BB /* Project object */;
}
